
Microsoft Visual Studio Solution File, Format Version 12.00
# Visual Studio Version 18
VisualStudioVersion = 18.3.11505.172 d18.3
MinimumVisualStudioVersion = 10.0.40219.1
Project("{FAE04EC0-301F-11D3-BF4B-00C04F79EFBC}") = "train-automation", "train-automation.csproj", "{5499507C-2CDF-125A-6A5A-378D88EE1DA2}"
EndProject
Global
	GlobalSection(SolutionConfigurationPlatforms) = preSolution
		Debug|Any CPU = Debug|Any CPU
		Release|Any CPU = Release|Any CPU
	EndGlobalSection
	GlobalSection(ProjectConfigurationPlatforms) = postSolution
		{5499507C-2CDF-125A-6A5A-378D88EE1DA2}.Debug|Any CPU.ActiveCfg = Debug|Any CPU
		{5499507C-2CDF-125A-6A5A-378D88EE1DA2}.Debug|Any CPU.Build.0 = Debug|Any CPU
		{5499507C-2CDF-125A-6A5A-378D88EE1DA2}.Release|Any CPU.ActiveCfg = Release|Any CPU
		{5499507C-2CDF-125A-6A5A-378D88EE1DA2}.Release|Any CPU.Build.0 = Release|Any CPU
	EndGlobalSection
	GlobalSection(SolutionProperties) = preSolution
		HideSolutionNode = FALSE
	EndGlobalSection
	GlobalSection(ExtensibilityGlobals) = postSolution
		SolutionGuid = {5E4C2EC1-CD55-4717-BD6C-66F60E81B506}
	EndGlobalSection
EndGlobal
